
Microsoft Visual Studio Solution File, Format Version 12.00
# Visual Studio Version 17
VisualStudioVersion = 17.12.35527.113
MinimumVisualStudioVersion = 10.0.40219.1
Project("{FAE04EC0-301F-11D3-BF4B-00C04F79EFBC}") = "ilkders", "ilkders\ilkders.csproj", "{9F85C87A-4701-4FF6-83AE-CBE488EB1208}"
EndProject
Project("{FAE04EC0-301F-11D3-BF4B-00C04F79EFBC}") = "WinFormsApp1", "WinFormsApp1\WinFormsApp1.csproj", "{2F715E34-F4B1-4F49-8AD4-7DC77015562E}"
EndProject
Project("{FAE04EC0-301F-11D3-BF4B-00C04F79EFBC}") = "Degiskenler_DegerTipleri", "Degiskenler\Degiskenler_DegerTipleri.csproj", "{E1342F34-A2F3-4B37-9105-404A14AF703F}"
EndProject
Project("{FAE04EC0-301F-11D3-BF4B-00C04F79EFBC}") = "Degiskenler_ReferansTipler", "Degiskenler_ReferansTipler\Degiskenler_ReferansTipler.csproj", "{C9B66E89-D54B-4676-A123-7D4D6FEA47F1}"
EndProject
Project("{FAE04EC0-301F-11D3-BF4B-00C04F79EFBC}") = "Degiskenler_RT_Diziler", "Degiskenler_RT_Diziler\Degiskenler_RT_Diziler.csproj", "{AB4EE14E-6E1E-4C63-808D-424C4867F1D1}"
EndProject
Project("{FAE04EC0-301F-11D3-BF4B-00C04F79EFBC}") = "B_Degiskenler_DegerTipleri", "B_Degiskenler_DegerTipleri\B_Degiskenler_DegerTipleri.csproj", "{5CA1931A-9508-4666-87BE-85B5C7B46F73}"
EndProject
Project("{FAE04EC0-301F-11D3-BF4B-00C04F79EFBC}") = "B_Defiskenler_RefTip_Diziler", "B_Defiskenler_RefTip_Diziler\B_Defiskenler_RefTip_Diziler.csproj", "{21FCA0D4-413C-4BEA-8F2F-E006AC133C6F}"
EndProject
Project("{FAE04EC0-301F-11D3-BF4B-00C04F79EFBC}") = "B_Degiskenler_RefTip_Siniflar", "B_Degiskenler_RefTip_Siniflar\B_Degiskenler_RefTip_Siniflar.csproj", "{03C7C7D3-75D9-41F9-9D37-FB4523DFBF44}"
EndProject
Global
	GlobalSection(SolutionConfigurationPlatforms) = preSolution
		Debug|Any CPU = Debug|Any CPU
		Release|Any CPU = Release|Any CPU
	EndGlobalSection
	GlobalSection(ProjectConfigurationPlatforms) = postSolution
		{9F85C87A-4701-4FF6-83AE-CBE488EB1208}.Debug|Any CPU.ActiveCfg = Debug|Any CPU
		{9F85C87A-4701-4FF6-83AE-CBE488EB1208}.Debug|Any CPU.Build.0 = Debug|Any CPU
		{9F85C87A-4701-4FF6-83AE-CBE488EB1208}.Release|Any CPU.ActiveCfg = Release|Any CPU
		{9F85C87A-4701-4FF6-83AE-CBE488EB1208}.Release|Any CPU.Build.0 = Release|Any CPU
		{2F715E34-F4B1-4F49-8AD4-7DC77015562E}.Debug|Any CPU.ActiveCfg = Debug|Any CPU
		{2F715E34-F4B1-4F49-8AD4-7DC77015562E}.Debug|Any CPU.Build.0 = Debug|Any CPU
		{2F715E34-F4B1-4F49-8AD4-7DC77015562E}.Release|Any CPU.ActiveCfg = Release|Any CPU
		{2F715E34-F4B1-4F49-8AD4-7DC77015562E}.Release|Any CPU.Build.0 = Release|Any CPU
		{E1342F34-A2F3-4B37-9105-404A14AF703F}.Debug|Any CPU.ActiveCfg = Debug|Any CPU
		{E1342F34-A2F3-4B37-9105-404A14AF703F}.Debug|Any CPU.Build.0 = Debug|Any CPU
		{E1342F34-A2F3-4B37-9105-404A14AF703F}.Release|Any CPU.ActiveCfg = Release|Any CPU
		{E1342F34-A2F3-4B37-9105-404A14AF703F}.Release|Any CPU.Build.0 = Release|Any CPU
		{C9B66E89-D54B-4676-A123-7D4D6FEA47F1}.Debug|Any CPU.ActiveCfg = Debug|Any CPU
		{C9B66E89-D54B-4676-A123-7D4D6FEA47F1}.Debug|Any CPU.Build.0 = Debug|Any CPU
		{C9B66E89-D54B-4676-A123-7D4D6FEA47F1}.Release|Any CPU.ActiveCfg = Release|Any CPU
		{C9B66E89-D54B-4676-A123-7D4D6FEA47F1}.Release|Any CPU.Build.0 = Release|Any CPU
		{AB4EE14E-6E1E-4C63-808D-424C4867F1D1}.Debug|Any CPU.ActiveCfg = Debug|Any CPU
		{AB4EE14E-6E1E-4C63-808D-424C4867F1D1}.Debug|Any CPU.Build.0 = Debug|Any CPU
		{AB4EE14E-6E1E-4C63-808D-424C4867F1D1}.Release|Any CPU.ActiveCfg = Release|Any CPU
		{AB4EE14E-6E1E-4C63-808D-424C4867F1D1}.Release|Any CPU.Build.0 = Release|Any CPU
		{5CA1931A-9508-4666-87BE-85B5C7B46F73}.Debug|Any CPU.ActiveCfg = Debug|Any CPU
		{5CA1931A-9508-4666-87BE-85B5C7B46F73}.Debug|Any CPU.Build.0 = Debug|Any CPU
		{5CA1931A-9508-4666-87BE-85B5C7B46F73}.Release|Any CPU.ActiveCfg = Release|Any CPU
		{5CA1931A-9508-4666-87BE-85B5C7B46F73}.Release|Any CPU.Build.0 = Release|Any CPU
		{21FCA0D4-413C-4BEA-8F2F-E006AC133C6F}.Debug|Any CPU.ActiveCfg = Debug|Any CPU
		{21FCA0D4-413C-4BEA-8F2F-E006AC133C6F}.Debug|Any CPU.Build.0 = Debug|Any CPU
		{21FCA0D4-413C-4BEA-8F2F-E006AC133C6F}.Release|Any CPU.ActiveCfg = Release|Any CPU
		{21FCA0D4-413C-4BEA-8F2F-E006AC133C6F}.Release|Any CPU.Build.0 = Release|Any CPU
		{03C7C7D3-75D9-41F9-9D37-FB4523DFBF44}.Debug|Any CPU.ActiveCfg = Debug|Any CPU
		{03C7C7D3-75D9-41F9-9D37-FB4523DFBF44}.Debug|Any CPU.Build.0 = Debug|Any CPU
		{03C7C7D3-75D9-41F9-9D37-FB4523DFBF44}.Release|Any CPU.ActiveCfg = Release|Any CPU
		{03C7C7D3-75D9-41F9-9D37-FB4523DFBF44}.Release|Any CPU.Build.0 = Release|Any CPU
	EndGlobalSection
	GlobalSection(SolutionProperties) = preSolution
		HideSolutionNode = FALSE
	EndGlobalSection
EndGlobal
